
Microsoft Visual Studio Solution File, Format Version 12.00
# Visual Studio Version 16
VisualStudioVersion = 16.0.30225.117
MinimumVisualStudioVersion = 10.0.40219.1
Project("{9A19103F-16F7-4668-BE54-9A1E7A4F7556}") = "demo-az-functions", "demo-az-functions.csproj", "{214EAC9D-54E2-4F02-928F-B0BCB1990F4C}"
EndProject
Global
	GlobalSection(SolutionConfigurationPlatforms) = preSolution
		Debug|Any CPU = Debug|Any CPU
		Release|Any CPU = Release|Any CPU
	EndGlobalSection
	GlobalSection(ProjectConfigurationPlatforms) = postSolution
		{214EAC9D-54E2-4F02-928F-B0BCB1990F4C}.Debug|Any CPU.ActiveCfg = Debug|Any CPU
		{214EAC9D-54E2-4F02-928F-B0BCB1990F4C}.Debug|Any CPU.Build.0 = Debug|Any CPU
		{214EAC9D-54E2-4F02-928F-B0BCB1990F4C}.Release|Any CPU.ActiveCfg = Release|Any CPU
		{214EAC9D-54E2-4F02-928F-B0BCB1990F4C}.Release|Any CPU.Build.0 = Release|Any CPU
	EndGlobalSection
	GlobalSection(SolutionProperties) = preSolution
		HideSolutionNode = FALSE
	EndGlobalSection
	GlobalSection(ExtensibilityGlobals) = postSolution
		SolutionGuid = {0177F38A-ED85-4A7A-8F49-0C90F0452FB2}
	EndGlobalSection
EndGlobal
